
Microsoft Visual Studio Solution File, Format Version 12.00
# Visual Studio Version 17
VisualStudioVersion = 17.6.33829.357
MinimumVisualStudioVersion = 10.0.40219.1
Project("{FAE04EC0-301F-11D3-BF4B-00C04F79EFBC}") = "Data Siswa", "Data Siswa.csproj", "{EE374D3E-EDA0-4B7E-AD6B-156111325826}"
EndProject
Global
	GlobalSection(SolutionConfigurationPlatforms) = preSolution
		Debug|Any CPU = Debug|Any CPU
		Release|Any CPU = Release|Any CPU
	EndGlobalSection
	GlobalSection(ProjectConfigurationPlatforms) = postSolution
		{EE374D3E-EDA0-4B7E-AD6B-156111325826}.Debug|Any CPU.ActiveCfg = Debug|Any CPU
		{EE374D3E-EDA0-4B7E-AD6B-156111325826}.Debug|Any CPU.Build.0 = Debug|Any CPU
		{EE374D3E-EDA0-4B7E-AD6B-156111325826}.Release|Any CPU.ActiveCfg = Release|Any CPU
		{EE374D3E-EDA0-4B7E-AD6B-156111325826}.Release|Any CPU.Build.0 = Release|Any CPU
	EndGlobalSection
	GlobalSection(SolutionProperties) = preSolution
		HideSolutionNode = FALSE
	EndGlobalSection
	GlobalSection(ExtensibilityGlobals) = postSolution
		SolutionGuid = {4BDC44DD-45F8-42FB-8A4B-09E0E728D680}
	EndGlobalSection
EndGlobal
